{
  "object": {
    "pins": [
      {
        "package": "swift-argument-parser",
        "repositoryURL": "https://github.com/apple/swift-argument-parser",
        "state": {
          "branch": null,
          "revision": "eb51f949cdd0c9d88abba9ce79d37eb7ea1231d0",
          "version": "0.2.0"
        }
      },
      {
        "package": "Version",
        "repositoryURL": "https://github.com/mxcl/Version.git",
        "state": {
          "branch": null,
          "revision": "200046c93f6d5d78a6d72bfd9c0b27a95e9c0a2b",
          "version": "1.2.0"
        }
      },
      {
        "package": "xcutils",
        "repositoryURL": "https://github.com/JosephDuffy/xcutils.git",
        "state": {
          "branch": "master",
          "revision": "0351c9bb8518df223221b608bafea182a2587a8f",
          "version": null
        }
      }
    ]
  },
  "version": 1
}
